
Microsoft Visual Studio Solution File, Format Version 12.00
# Visual Studio Version 17
VisualStudioVersion = 17.2.32602.215
MinimumVisualStudioVersion = 10.0.40219.1
Project("{FAE04EC0-301F-11D3-BF4B-00C04F79EFBC}") = "ERP_System_Api", "ERP_System_Api\ERP_System_Api.csproj", "{4B2366ED-E670-423D-BE0C-88F83639B7CB}"
EndProject
Global
	GlobalSection(SolutionConfigurationPlatforms) = preSolution
		Debug|Any CPU = Debug|Any CPU
		Release|Any CPU = Release|Any CPU
	EndGlobalSection
	GlobalSection(ProjectConfigurationPlatforms) = postSolution
		{4B2366ED-E670-423D-BE0C-88F83639B7CB}.Debug|Any CPU.ActiveCfg = Debug|Any CPU
		{4B2366ED-E670-423D-BE0C-88F83639B7CB}.Debug|Any CPU.Build.0 = Debug|Any CPU
		{4B2366ED-E670-423D-BE0C-88F83639B7CB}.Release|Any CPU.ActiveCfg = Release|Any CPU
		{4B2366ED-E670-423D-BE0C-88F83639B7CB}.Release|Any CPU.Build.0 = Release|Any CPU
	EndGlobalSection
	GlobalSection(SolutionProperties) = preSolution
		HideSolutionNode = FALSE
	EndGlobalSection
	GlobalSection(ExtensibilityGlobals) = postSolution
		SolutionGuid = {1DD8047D-C6B9-4E2A-9FA6-2A11406FF151}
	EndGlobalSection
EndGlobal
